
Microsoft Visual Studio Solution File, Format Version 12.00
# Visual Studio 2013
Project("{FAE04EC0-301F-11D3-BF4B-00C04F79EFBC}") = "UnityVS.Card Game.CSharp", "UnityVS.Card Game.CSharp.csproj", "{EFECFAEB-5EE1-79C2-69FC-2342FA3D4632}"
EndProject
Global
	GlobalSection(SolutionConfigurationPlatforms) = preSolution
		Debug|Any CPU = Debug|Any CPU
		Release|Any CPU = Release|Any CPU
	EndGlobalSection
	GlobalSection(ProjectConfigurationPlatforms) = postSolution
		{EFECFAEB-5EE1-79C2-69FC-2342FA3D4632}.Debug|Any CPU.ActiveCfg = Debug|Any CPU
		{EFECFAEB-5EE1-79C2-69FC-2342FA3D4632}.Debug|Any CPU.Build.0 = Debug|Any CPU
		{EFECFAEB-5EE1-79C2-69FC-2342FA3D4632}.Release|Any CPU.ActiveCfg = Release|Any CPU
		{EFECFAEB-5EE1-79C2-69FC-2342FA3D4632}.Release|Any CPU.Build.0 = Release|Any CPU
	EndGlobalSection
	GlobalSection(SolutionProperties) = preSolution
		HideSolutionNode = FALSE
	EndGlobalSection
EndGlobal
